
Microsoft Visual Studio Solution File, Format Version 12.00
# Visual Studio Version 16
VisualStudioVersion = 16.0.29411.108
MinimumVisualStudioVersion = 10.0.40219.1
Project("{FAE04EC0-301F-11D3-BF4B-00C04F79EFBC}") = "navneArray", "navneArray\navneArray.csproj", "{D09FF8A5-B515-45A4-BEEB-153098C0DCCF}"
EndProject
Global
	GlobalSection(SolutionConfigurationPlatforms) = preSolution
		Debug|Any CPU = Debug|Any CPU
		Release|Any CPU = Release|Any CPU
	EndGlobalSection
	GlobalSection(ProjectConfigurationPlatforms) = postSolution
		{D09FF8A5-B515-45A4-BEEB-153098C0DCCF}.Debug|Any CPU.ActiveCfg = Debug|Any CPU
		{D09FF8A5-B515-45A4-BEEB-153098C0DCCF}.Debug|Any CPU.Build.0 = Debug|Any CPU
		{D09FF8A5-B515-45A4-BEEB-153098C0DCCF}.Release|Any CPU.ActiveCfg = Release|Any CPU
		{D09FF8A5-B515-45A4-BEEB-153098C0DCCF}.Release|Any CPU.Build.0 = Release|Any CPU
	EndGlobalSection
	GlobalSection(SolutionProperties) = preSolution
		HideSolutionNode = FALSE
	EndGlobalSection
	GlobalSection(ExtensibilityGlobals) = postSolution
		SolutionGuid = {872BA8E7-1CAD-47C8-9BE0-51C0521B3F52}
	EndGlobalSection
EndGlobal
