
Microsoft Visual Studio Solution File, Format Version 12.00
# Visual Studio Version 16
VisualStudioVersion = 16.0.29411.108
MinimumVisualStudioVersion = 10.0.40219.1
Project("{FAE04EC0-301F-11D3-BF4B-00C04F79EFBC}") = "TællerApp", "TællerApp\TællerApp.csproj", "{C48F3DA3-337F-4181-A5DD-023A690D835E}"
EndProject
Global
	GlobalSection(SolutionConfigurationPlatforms) = preSolution
		Debug|Any CPU = Debug|Any CPU
		Release|Any CPU = Release|Any CPU
	EndGlobalSection
	GlobalSection(ProjectConfigurationPlatforms) = postSolution
		{C48F3DA3-337F-4181-A5DD-023A690D835E}.Debug|Any CPU.ActiveCfg = Debug|Any CPU
		{C48F3DA3-337F-4181-A5DD-023A690D835E}.Debug|Any CPU.Build.0 = Debug|Any CPU
		{C48F3DA3-337F-4181-A5DD-023A690D835E}.Release|Any CPU.ActiveCfg = Release|Any CPU
		{C48F3DA3-337F-4181-A5DD-023A690D835E}.Release|Any CPU.Build.0 = Release|Any CPU
	EndGlobalSection
	GlobalSection(SolutionProperties) = preSolution
		HideSolutionNode = FALSE
	EndGlobalSection
	GlobalSection(ExtensibilityGlobals) = postSolution
		SolutionGuid = {B0CFA46A-B463-43F6-9050-003EAA866376}
	EndGlobalSection
EndGlobal
